
Microsoft Visual Studio Solution File, Format Version 12.00
# Visual Studio Version 17
VisualStudioVersion = 17.2.32505.173
MinimumVisualStudioVersion = 10.0.40219.1
Project("{FAE04EC0-301F-11D3-BF4B-00C04F79EFBC}") = "Mansor", "Mansor\Mansor.csproj", "{0BCC2D0A-8E1C-423A-8EAE-B50BEB694CEF}"
EndProject
Global
	GlobalSection(SolutionConfigurationPlatforms) = preSolution
		Debug|Any CPU = Debug|Any CPU
		Release|Any CPU = Release|Any CPU
	EndGlobalSection
	GlobalSection(ProjectConfigurationPlatforms) = postSolution
		{0BCC2D0A-8E1C-423A-8EAE-B50BEB694CEF}.Debug|Any CPU.ActiveCfg = Debug|Any CPU
		{0BCC2D0A-8E1C-423A-8EAE-B50BEB694CEF}.Debug|Any CPU.Build.0 = Debug|Any CPU
		{0BCC2D0A-8E1C-423A-8EAE-B50BEB694CEF}.Release|Any CPU.ActiveCfg = Release|Any CPU
		{0BCC2D0A-8E1C-423A-8EAE-B50BEB694CEF}.Release|Any CPU.Build.0 = Release|Any CPU
	EndGlobalSection
	GlobalSection(SolutionProperties) = preSolution
		HideSolutionNode = FALSE
	EndGlobalSection
	GlobalSection(ExtensibilityGlobals) = postSolution
		SolutionGuid = {2C5489F8-4A74-4D7D-8C37-8BE5E27EDD78}
	EndGlobalSection
EndGlobal
